
Microsoft Visual Studio Solution File, Format Version 12.00
# Visual Studio Version 16
VisualStudioVersion = 16.0.30907.101
MinimumVisualStudioVersion = 10.0.40219.1
Project("{9A19103F-16F7-4668-BE54-9A1E7A4F7556}") = "Cajero", "Cajero\Cajero.csproj", "{FB03608D-D209-4065-BCB0-2511C96380A3}"
EndProject
Global
	GlobalSection(SolutionConfigurationPlatforms) = preSolution
		Debug|Any CPU = Debug|Any CPU
		Debug|x86 = Debug|x86
		Release|Any CPU = Release|Any CPU
		Release|x86 = Release|x86
	EndGlobalSection
	GlobalSection(ProjectConfigurationPlatforms) = postSolution
		{FB03608D-D209-4065-BCB0-2511C96380A3}.Debug|Any CPU.ActiveCfg = Debug|Any CPU
		{FB03608D-D209-4065-BCB0-2511C96380A3}.Debug|Any CPU.Build.0 = Debug|Any CPU
		{FB03608D-D209-4065-BCB0-2511C96380A3}.Debug|x86.ActiveCfg = Debug|Any CPU
		{FB03608D-D209-4065-BCB0-2511C96380A3}.Debug|x86.Build.0 = Debug|Any CPU
		{FB03608D-D209-4065-BCB0-2511C96380A3}.Release|Any CPU.ActiveCfg = Release|Any CPU
		{FB03608D-D209-4065-BCB0-2511C96380A3}.Release|Any CPU.Build.0 = Release|Any CPU
		{FB03608D-D209-4065-BCB0-2511C96380A3}.Release|x86.ActiveCfg = Release|Any CPU
		{FB03608D-D209-4065-BCB0-2511C96380A3}.Release|x86.Build.0 = Release|Any CPU
	EndGlobalSection
	GlobalSection(SolutionProperties) = preSolution
		HideSolutionNode = FALSE
	EndGlobalSection
	GlobalSection(ExtensibilityGlobals) = postSolution
		SolutionGuid = {891AD7F1-ED23-494E-8D88-51447D2F8A94}
	EndGlobalSection
EndGlobal
